{
    "_readme": [
        "This file locks the dependencies of your project to a known state",
        "Read more about it at https://getcomposer.org/doc/01-basic-usage.md#composer-lock-the-lock-file",
        "This file is @generated automatically"
    ],
    "hash": "cbdaff5751808c7a1517b97d7c455259",
    "packages": [
        {
            "name": "gabordemooij/redbean",
            "version": "dev-master",
            "source": {
                "type": "git",
                "url": "https://github.com/gabordemooij/redbean.git",
                "reference": "f375a1678d137ca1ff806813fac306723f97ec6b"
            },
            "dist": {
                "type": "zip",
                "url": "https://api.github.com/repos/gabordemooij/redbean/zipball/f375a1678d137ca1ff806813fac306723f97ec6b",
                "reference": "f375a1678d137ca1ff806813fac306723f97ec6b",
                "shasum": ""
            },
            "require": {
                "php": ">=5.3.4"
            },
            "type": "library",
            "autoload": {
                "psr-4": {
                    "RedBeanPHP\\": "RedBeanPHP"
                }
            },
            "notification-url": "https://packagist.org/downloads/",
            "license": [
                "New BSD and GPLv2"
            ],
            "authors": [
                {
                    "name": "Gabor de Mooij",
                    "email": "gabor@redbeanphp.com",
                    "homepage": "http://redbeanphp.com"
                }
            ],
            "description": "RedBeanPHP ORM",
            "homepage": "http://redbeanphp.com/",
            "keywords": [
                "orm"
            ],
            "time": "2015-09-11 18:55:25"
        },
        {
            "name": "ptcong/php-cache-manager",
            "version": "dev-master",
            "target-dir": "ChipVN/Cache",
            "source": {
                "type": "git",
                "url": "https://github.com/ptcong/php-cache-manager.git",
                "reference": "2ddeaaab4c38be4a970566e27f09693a1f3743f8"
            },
            "dist": {
                "type": "zip",
                "url": "https://api.github.com/repos/ptcong/php-cache-manager/zipball/2ddeaaab4c38be4a970566e27f09693a1f3743f8",
                "reference": "2ddeaaab4c38be4a970566e27f09693a1f3743f8",
                "shasum": ""
            },
            "require": {
                "php": ">=5.0"
            },
            "type": "library",
            "autoload": {
                "psr-0": {
                    "ChipVN_": "/"
                }
            },
            "notification-url": "https://packagist.org/downloads/",
            "license": [
                "MIT"
            ],
            "authors": [
                {
                    "name": "Phan Thanh Cong",
                    "email": "ptcong90@gmail.com",
                    "homepage": "http://ptcong.com"
                }
            ],
            "description": "A Cache Manager library.",
            "keywords": [
                "cache",
                "cache-library",
                "cache-manager"
            ],
            "time": "2015-05-29 05:13:46"
        },
        {
            "name": "ptcong/php-http-class",
            "version": "2.x-dev",
            "target-dir": "ChipVN/Http",
            "source": {
                "type": "git",
                "url": "https://github.com/ptcong/php-http-client.git",
                "reference": "e205b4bc0ce443c5d6d522c50345bd78d628ba53"
            },
            "dist": {
                "type": "zip",
                "url": "https://api.github.com/repos/ptcong/php-http-client/zipball/e205b4bc0ce443c5d6d522c50345bd78d628ba53",
                "reference": "e205b4bc0ce443c5d6d522c50345bd78d628ba53",
                "shasum": ""
            },
            "require": {
                "php": ">=5.0"
            },
            "type": "library",
            "autoload": {
                "psr-0": {
                    "ChipVN_": "/"
                }
            },
            "notification-url": "https://packagist.org/downloads/",
            "license": [
                "MIT"
            ],
            "authors": [
                {
                    "name": "Phan Thanh Cong",
                    "email": "ptcong90@gmail.com",
                    "homepage": "http://ptcong.com"
                }
            ],
            "description": "A simple and powerful Http Client class used to sending request and get response like a browser.",
            "keywords": [
                "curl",
                "fsockopen",
                "http",
                "php",
                "request"
            ],
            "time": "2015-06-15 15:22:33"
        },
        {
            "name": "ptcong/php-image-uploader",
            "version": "dev-master",
            "target-dir": "ChipVN/ImageUploader",
            "source": {
                "type": "git",
                "url": "https://github.com/ptcong/php-remote-image-uploader.git",
                "reference": "d832de7e589622b7dd4a43d3906be7ec6b529f92"
            },
            "dist": {
                "type": "zip",
                "url": "https://api.github.com/repos/ptcong/php-remote-image-uploader/zipball/d832de7e589622b7dd4a43d3906be7ec6b529f92",
                "reference": "d832de7e589622b7dd4a43d3906be7ec6b529f92",
                "shasum": ""
            },
            "require": {
                "php": ">=5.0",
                "ptcong/php-cache-manager": "dev-master",
                "ptcong/php-http-class": "2.x-dev"
            },
            "type": "library",
            "autoload": {
                "psr-0": {
                    "ChipVN_": "/"
                }
            },
            "notification-url": "https://packagist.org/downloads/",
            "license": [
                "MIT"
            ],
            "authors": [
                {
                    "name": "Phan Thanh Cong",
                    "email": "ptcong90@gmail.com",
                    "homepage": "http://ptcong.com"
                }
            ],
            "description": "Library for uploading image to picasa, imageshack, imgur, etc...",
            "keywords": [
                "http",
                "image-uploader",
                "php",
                "remote-upload"
            ],
            "time": "2015-09-14 14:21:49"
        },
        {
            "name": "rudrax/annotations",
            "version": "1.0.1",
            "source": {
                "type": "git",
                "url": "https://github.com/rudraks/annotations.git",
                "reference": "492790ea44d534881ba69f6a1386c341c3efadeb"
            },
            "dist": {
                "type": "zip",
                "url": "https://api.github.com/repos/rudraks/annotations/zipball/492790ea44d534881ba69f6a1386c341c3efadeb",
                "reference": "492790ea44d534881ba69f6a1386c341c3efadeb",
                "shasum": ""
            },
            "type": "library",
            "notification-url": "https://packagist.org/downloads/",
            "license": [
                "MIT"
            ],
            "authors": [
                {
                    "name": "Erik Amaru Ortiz",
                    "email": "aortiz.erik@gmail.com",
                    "homepage": "https://github.com/eriknyk/phpalchemy"
                }
            ],
            "description": "Script to scan all classes in Project;",
            "keywords": [
                "annotations",
                "classes",
                "controller"
            ],
            "time": "2015-06-26 16:38:31"
        },
        {
            "name": "rudrax/boot",
            "version": "dev-master",
            "source": {
                "type": "git",
                "url": "https://github.com/rudraks/boot.git",
                "reference": "7f90440239ddb9202543522e7bd183cfd8a34462"
            },
            "dist": {
                "type": "zip",
                "url": "https://api.github.com/repos/rudraks/boot/zipball/7f90440239ddb9202543522e7bd183cfd8a34462",
                "reference": "7f90440239ddb9202543522e7bd183cfd8a34462",
                "shasum": ""
            },
            "require": {
                "rudrax/annotations": "1.*",
                "rudrax/phpfastcache": "2.*",
                "rudrax/smarty": "3.*",
                "rudrax/utils": ">=0.0.4"
            },
            "suggest": {
                "leafo/scssphp": ">=0.0.12",
                "rudrax/application": "1.*",
                "rudrax/magicmin": "2.*"
            },
            "type": "library",
            "autoload": {
                "psr-4": {
                    "RudraX\\": "",
                    "RudraX\\Service\\": "service/",
                    "app\\": ""
                }
            },
            "notification-url": "https://packagist.org/downloads/",
            "license": [
                "MIT"
            ],
            "authors": [
                {
                    "name": "Lalit Tanwar",
                    "email": "lalit.tanwar07@gmail.com",
                    "homepage": "http://lalittanwar.com"
                }
            ],
            "description": "Suporting library for Rudrax",
            "homepage": "http://api.spamjs.org",
            "keywords": [
                "api",
                "controller",
                "rudra",
                "smarty"
            ],
            "time": "2015-10-11 21:51:41"
        },
        {
            "name": "rudrax/phpfastcache",
            "version": "2.0.0",
            "source": {
                "type": "git",
                "url": "https://gitlab.com/rudrax/phpfastcache.git",
                "reference": "58c1f2681b3f727f8baf71c673f48d1edf33b30b"
            },
            "type": "library",
            "notification-url": "https://packagist.org/downloads/",
            "license": [
                "MIT"
            ],
            "description": "Modified Smarty for Rudrax",
            "keywords": [
                "api",
                "controller",
                "rudra",
                "smarty"
            ],
            "time": "2014-07-23 15:09:34"
        },
        {
            "name": "rudrax/smarty",
            "version": "v3.1.0",
            "source": {
                "type": "git",
                "url": "https://gitlab.com/rudrax/smarty.git",
                "reference": "22574a8ff7eaf699d4385f485238c62bb2367000"
            },
            "type": "library",
            "notification-url": "https://packagist.org/downloads/",
            "license": [
                "MIT"
            ],
            "description": "Modified Smarty for Rudrax",
            "keywords": [
                "api",
                "controller",
                "rudra",
                "smarty"
            ],
            "time": "2014-07-24 07:21:32"
        },
        {
            "name": "rudrax/utils",
            "version": "dev-master",
            "source": {
                "type": "git",
                "url": "https://github.com/rudraks/utils.git",
                "reference": "9f230d43d75f89346bb739886463b853dbd46481"
            },
            "dist": {
                "type": "zip",
                "url": "https://api.github.com/repos/rudraks/utils/zipball/9f230d43d75f89346bb739886463b853dbd46481",
                "reference": "9f230d43d75f89346bb739886463b853dbd46481",
                "shasum": ""
            },
            "type": "library",
            "autoload": {
                "psr-4": {
                    "RudraX\\Utils\\": ""
                }
            },
            "notification-url": "https://packagist.org/downloads/",
            "license": [
                "MIT"
            ],
            "description": "Common PHP Utilities",
            "keywords": [
                "api",
                "controller",
                "rudra",
                "smarty"
            ],
            "time": "2015-10-03 19:29:30"
        }
    ],
    "packages-dev": [],
    "aliases": [],
    "minimum-stability": "dev",
    "stability-flags": {
        "rudrax/boot": 20,
        "gabordemooij/redbean": 20,
        "ptcong/php-image-uploader": 20
    },
    "prefer-stable": false,
    "prefer-lowest": false,
    "platform": [],
    "platform-dev": []
}
